
Microsoft Visual Studio Solution File, Format Version 12.00
# Visual Studio Version 16
VisualStudioVersion = 16.0.28803.352
MinimumVisualStudioVersion = 10.0.40219.1
Project("{2150E333-8FDC-42A3-9474-1A3956D46DE8}") = "SynapseSchema", "SynapseSchema", "{E81E2DDF-6F51-4312-BD2C-189FEA2CA5EF}"
EndProject
Project("{9A19103F-16F7-4668-BE54-9A1E7A4F7556}") = "Synapse.STS", "Synapse.STS\Synapse.STS\Synapse.STS.csproj", "{C9778CC3-CBF5-4E76-8366-4161765FF9C0}"
EndProject
Project("{9A19103F-16F7-4668-BE54-9A1E7A4F7556}") = "SynapseDynamicAPI", "SynapseDynamicAPI\SynapseDynamicAPI\SynapseDynamicAPI.csproj", "{311A9656-172C-42E1-B1AB-A5D6C0F40035}"
EndProject
Project("{FAE04EC0-301F-11D3-BF4B-00C04F79EFBC}") = "SynapseStudio", "SynapseStudio\SynapseStudio\SynapseStudio.csproj", "{2022A1A5-975F-4634-93A5-297AE31EE14D}"
EndProject
Project("{9A19103F-16F7-4668-BE54-9A1E7A4F7556}") = "SynapseDynamicAPIClient", "SynapseDynamicAPIClient\SynapseDynamicAPIClient.csproj", "{E2E34C7B-ED47-46EF-A36C-DA8096F0A234}"
EndProject
Project("{9A19103F-16F7-4668-BE54-9A1E7A4F7556}") = "SynapseDocumentsAPI", "SynapseDocumentsAPI\SynapseDocumentsAPI.csproj", "{BD849642-871B-4BC6-9209-576BFFD0AE99}"
EndProject
Project("{2150E333-8FDC-42A3-9474-1A3956D46DE8}") = "BuildingBlocks", "BuildingBlocks", "{4A421A80-27ED-11EA-A3A1-992B1741A287}"
EndProject
Project("{2150E333-8FDC-42A3-9474-1A3956D46DE8}") = "Infrastructure", "Infrastructure", "{067B1210-27EE-11EA-A3A1-992B1741A287}"
EndProject
Project("{2150E333-8FDC-42A3-9474-1A3956D46DE8}") = "Common", "Common", "{D9A818F2-8292-4BF2-9A3E-C5149C524038}"
EndProject
Project("{2150E333-8FDC-42A3-9474-1A3956D46DE8}") = "Exceptions", "Exceptions", "{DD981813-7747-45AF-962A-B2026AFD6B95}"
EndProject
Project("{9A19103F-16F7-4668-BE54-9A1E7A4F7556}") = "Interneuron.Common", "BuildingBlocks\Common\Interneuron.Common.csproj", "{89FAFAD8-B28F-4402-BD03-954EC06541AA}"
EndProject
Project("{2150E333-8FDC-42A3-9474-1A3956D46DE8}") = "Generic", "Generic", "{6322DF69-9CF7-4C6F-9D7A-4A93CD277234}"
EndProject
Project("{2150E333-8FDC-42A3-9474-1A3956D46DE8}") = "Web", "Web", "{772C6868-F057-4AFF-87F2-C0AE9CB754C3}"
EndProject
Project("{9A19103F-16F7-4668-BE54-9A1E7A4F7556}") = "Interneuron.Web.Exceptions", "BuildingBlocks\Infrastructure\Exceptions\Web\Interneuron.Web.Exceptions.csproj", "{5684624F-2672-4D8B-9479-4F9BEDFA0ED3}"
EndProject
Project("{9A19103F-16F7-4668-BE54-9A1E7A4F7556}") = "Interneuron.Generic.Exceptions", "BuildingBlocks\Infrastructure\Exceptions\Generic\Interneuron.Generic.Exceptions.csproj", "{DD4200B9-BAA0-44AE-BC1E-98CEAEA2C4B9}"
EndProject
Project("{2150E333-8FDC-42A3-9474-1A3956D46DE8}") = "CustomExceptions", "CustomExceptions", "{E50F57D5-71B4-4559-8920-74E5AAA73913}"
EndProject
Project("{9A19103F-16F7-4668-BE54-9A1E7A4F7556}") = "Interneuron.CustomExceptions", "BuildingBlocks\Infrastructure\Exceptions\CustomExceptions\Interneuron.CustomExceptions.csproj", "{91DEF550-5468-49C4-AF3C-10F2A043EE97}"
EndProject
Project("{9A19103F-16F7-4668-BE54-9A1E7A4F7556}") = "Interneuron.Caching", "BuildingBlocks\Infrastructure\Caching\Interneuron.Caching.csproj", "{5F809423-AC49-4E44-A6CE-8ED565B1CB88}"
EndProject
Project("{2150E333-8FDC-42A3-9474-1A3956D46DE8}") = "Caching", "Caching", "{8C7781C0-2BA2-11EA-982B-D3DE44999612}"
EndProject
Global
	GlobalSection(SolutionConfigurationPlatforms) = preSolution
		Debug|Any CPU = Debug|Any CPU
		Release|Any CPU = Release|Any CPU
	EndGlobalSection
	GlobalSection(ProjectConfigurationPlatforms) = postSolution
		{C9778CC3-CBF5-4E76-8366-4161765FF9C0}.Debug|Any CPU.ActiveCfg = Debug|Any CPU
		{C9778CC3-CBF5-4E76-8366-4161765FF9C0}.Debug|Any CPU.Build.0 = Debug|Any CPU
		{C9778CC3-CBF5-4E76-8366-4161765FF9C0}.Release|Any CPU.ActiveCfg = Release|Any CPU
		{C9778CC3-CBF5-4E76-8366-4161765FF9C0}.Release|Any CPU.Build.0 = Release|Any CPU
		{311A9656-172C-42E1-B1AB-A5D6C0F40035}.Debug|Any CPU.ActiveCfg = Debug|Any CPU
		{311A9656-172C-42E1-B1AB-A5D6C0F40035}.Debug|Any CPU.Build.0 = Debug|Any CPU
		{311A9656-172C-42E1-B1AB-A5D6C0F40035}.Release|Any CPU.ActiveCfg = Release|Any CPU
		{311A9656-172C-42E1-B1AB-A5D6C0F40035}.Release|Any CPU.Build.0 = Release|Any CPU
		{2022A1A5-975F-4634-93A5-297AE31EE14D}.Debug|Any CPU.ActiveCfg = Debug|Any CPU
		{2022A1A5-975F-4634-93A5-297AE31EE14D}.Debug|Any CPU.Build.0 = Debug|Any CPU
		{2022A1A5-975F-4634-93A5-297AE31EE14D}.Release|Any CPU.ActiveCfg = Release|Any CPU
		{2022A1A5-975F-4634-93A5-297AE31EE14D}.Release|Any CPU.Build.0 = Release|Any CPU
		{E2E34C7B-ED47-46EF-A36C-DA8096F0A234}.Debug|Any CPU.ActiveCfg = Debug|Any CPU
		{E2E34C7B-ED47-46EF-A36C-DA8096F0A234}.Debug|Any CPU.Build.0 = Debug|Any CPU
		{E2E34C7B-ED47-46EF-A36C-DA8096F0A234}.Release|Any CPU.ActiveCfg = Release|Any CPU
		{E2E34C7B-ED47-46EF-A36C-DA8096F0A234}.Release|Any CPU.Build.0 = Release|Any CPU
		{BD849642-871B-4BC6-9209-576BFFD0AE99}.Debug|Any CPU.ActiveCfg = Debug|Any CPU
		{BD849642-871B-4BC6-9209-576BFFD0AE99}.Debug|Any CPU.Build.0 = Debug|Any CPU
		{BD849642-871B-4BC6-9209-576BFFD0AE99}.Release|Any CPU.ActiveCfg = Release|Any CPU
		{BD849642-871B-4BC6-9209-576BFFD0AE99}.Release|Any CPU.Build.0 = Release|Any CPU
		{89FAFAD8-B28F-4402-BD03-954EC06541AA}.Debug|Any CPU.ActiveCfg = Debug|Any CPU
		{89FAFAD8-B28F-4402-BD03-954EC06541AA}.Debug|Any CPU.Build.0 = Debug|Any CPU
		{89FAFAD8-B28F-4402-BD03-954EC06541AA}.Release|Any CPU.ActiveCfg = Release|Any CPU
		{89FAFAD8-B28F-4402-BD03-954EC06541AA}.Release|Any CPU.Build.0 = Release|Any CPU
		{5684624F-2672-4D8B-9479-4F9BEDFA0ED3}.Debug|Any CPU.ActiveCfg = Debug|Any CPU
		{5684624F-2672-4D8B-9479-4F9BEDFA0ED3}.Debug|Any CPU.Build.0 = Debug|Any CPU
		{5684624F-2672-4D8B-9479-4F9BEDFA0ED3}.Release|Any CPU.ActiveCfg = Release|Any CPU
		{5684624F-2672-4D8B-9479-4F9BEDFA0ED3}.Release|Any CPU.Build.0 = Release|Any CPU
		{DD4200B9-BAA0-44AE-BC1E-98CEAEA2C4B9}.Debug|Any CPU.ActiveCfg = Debug|Any CPU
		{DD4200B9-BAA0-44AE-BC1E-98CEAEA2C4B9}.Debug|Any CPU.Build.0 = Debug|Any CPU
		{DD4200B9-BAA0-44AE-BC1E-98CEAEA2C4B9}.Release|Any CPU.ActiveCfg = Release|Any CPU
		{DD4200B9-BAA0-44AE-BC1E-98CEAEA2C4B9}.Release|Any CPU.Build.0 = Release|Any CPU
		{91DEF550-5468-49C4-AF3C-10F2A043EE97}.Debug|Any CPU.ActiveCfg = Debug|Any CPU
		{91DEF550-5468-49C4-AF3C-10F2A043EE97}.Debug|Any CPU.Build.0 = Debug|Any CPU
		{91DEF550-5468-49C4-AF3C-10F2A043EE97}.Release|Any CPU.ActiveCfg = Release|Any CPU
		{91DEF550-5468-49C4-AF3C-10F2A043EE97}.Release|Any CPU.Build.0 = Release|Any CPU
		{5F809423-AC49-4E44-A6CE-8ED565B1CB88}.Debug|Any CPU.ActiveCfg = Debug|Any CPU
		{5F809423-AC49-4E44-A6CE-8ED565B1CB88}.Debug|Any CPU.Build.0 = Debug|Any CPU
		{5F809423-AC49-4E44-A6CE-8ED565B1CB88}.Release|Any CPU.ActiveCfg = Release|Any CPU
		{5F809423-AC49-4E44-A6CE-8ED565B1CB88}.Release|Any CPU.Build.0 = Release|Any CPU
	EndGlobalSection
	GlobalSection(SolutionProperties) = preSolution
		HideSolutionNode = FALSE
	EndGlobalSection
	GlobalSection(NestedProjects) = preSolution
		{067B1210-27EE-11EA-A3A1-992B1741A287} = {4A421A80-27ED-11EA-A3A1-992B1741A287}
		{D9A818F2-8292-4BF2-9A3E-C5149C524038} = {4A421A80-27ED-11EA-A3A1-992B1741A287}
		{DD981813-7747-45AF-962A-B2026AFD6B95} = {067B1210-27EE-11EA-A3A1-992B1741A287}
		{89FAFAD8-B28F-4402-BD03-954EC06541AA} = {D9A818F2-8292-4BF2-9A3E-C5149C524038}
		{6322DF69-9CF7-4C6F-9D7A-4A93CD277234} = {DD981813-7747-45AF-962A-B2026AFD6B95}
		{772C6868-F057-4AFF-87F2-C0AE9CB754C3} = {DD981813-7747-45AF-962A-B2026AFD6B95}
		{5684624F-2672-4D8B-9479-4F9BEDFA0ED3} = {772C6868-F057-4AFF-87F2-C0AE9CB754C3}
		{DD4200B9-BAA0-44AE-BC1E-98CEAEA2C4B9} = {6322DF69-9CF7-4C6F-9D7A-4A93CD277234}
		{E50F57D5-71B4-4559-8920-74E5AAA73913} = {DD981813-7747-45AF-962A-B2026AFD6B95}
		{91DEF550-5468-49C4-AF3C-10F2A043EE97} = {E50F57D5-71B4-4559-8920-74E5AAA73913}
		{5F809423-AC49-4E44-A6CE-8ED565B1CB88} = {8C7781C0-2BA2-11EA-982B-D3DE44999612}
		{8C7781C0-2BA2-11EA-982B-D3DE44999612} = {067B1210-27EE-11EA-A3A1-992B1741A287}
	EndGlobalSection
	GlobalSection(ExtensibilityGlobals) = postSolution
		SolutionGuid = {B594CD36-F71C-443C-B7F1-BB1ADB3D69BA}
	EndGlobalSection
EndGlobal
