
Microsoft Visual Studio Solution File, Format Version 12.00
# Visual Studio Version 17
VisualStudioVersion = 17.0.32112.339
MinimumVisualStudioVersion = 10.0.40219.1
Project("{2150E333-8FDC-42A3-9474-1A3956D46DE8}") = "SynapseSchema", "SynapseSchema", "{E81E2DDF-6F51-4312-BD2C-189FEA2CA5EF}"
EndProject
Project("{9A19103F-16F7-4668-BE54-9A1E7A4F7556}") = "Synapse.STS", "Synapse.STS\Synapse.STS\Synapse.STS.csproj", "{C9778CC3-CBF5-4E76-8366-4161765FF9C0}"
EndProject
Project("{9A19103F-16F7-4668-BE54-9A1E7A4F7556}") = "SynapseDynamicAPI", "SynapseDynamicAPI\SynapseDynamicAPI\SynapseDynamicAPI.csproj", "{311A9656-172C-42E1-B1AB-A5D6C0F40035}"
EndProject
Project("{FAE04EC0-301F-11D3-BF4B-00C04F79EFBC}") = "SynapseStudio", "SynapseStudio\SynapseStudio\SynapseStudio.csproj", "{2022A1A5-975F-4634-93A5-297AE31EE14D}"
EndProject
Project("{9A19103F-16F7-4668-BE54-9A1E7A4F7556}") = "DCSHTMLRenderer", "DCSHTMLRenderer\DCSHTMLRenderer\DCSHTMLRenderer.csproj", "{A3B930A2-8EDE-48F8-8ED0-093BB027CB66}"
EndProject
Project("{9A19103F-16F7-4668-BE54-9A1E7A4F7556}") = "DCSWebAPI", "DCSWebAPI\DCSWebAPI\DCSWebAPI.csproj", "{7F192EC5-F7FF-4CA6-A8FB-DCE391393225}"
EndProject
Project("{9A19103F-16F7-4668-BE54-9A1E7A4F7556}") = "SynapseDynamicAPIClient", "SynapseDynamicAPIClient\SynapseDynamicAPIClient.csproj", "{E2E34C7B-ED47-46EF-A36C-DA8096F0A234}"
EndProject
Project("{9A19103F-16F7-4668-BE54-9A1E7A4F7556}") = "SynapseDocumentsAPI", "SynapseDocumentsAPI\SynapseDocumentsAPI.csproj", "{BD849642-871B-4BC6-9209-576BFFD0AE99}"
EndProject
Project("{2150E333-8FDC-42A3-9474-1A3956D46DE8}") = "BuildingBlocks", "BuildingBlocks", "{4A421A80-27ED-11EA-A3A1-992B1741A287}"
EndProject
Project("{2150E333-8FDC-42A3-9474-1A3956D46DE8}") = "Infrastructure", "Infrastructure", "{067B1210-27EE-11EA-A3A1-992B1741A287}"
EndProject
Project("{2150E333-8FDC-42A3-9474-1A3956D46DE8}") = "Common", "Common", "{D9A818F2-8292-4BF2-9A3E-C5149C524038}"
EndProject
Project("{2150E333-8FDC-42A3-9474-1A3956D46DE8}") = "Exceptions", "Exceptions", "{DD981813-7747-45AF-962A-B2026AFD6B95}"
EndProject
Project("{9A19103F-16F7-4668-BE54-9A1E7A4F7556}") = "Interneuron.Common", "BuildingBlocks\Common\Interneuron.Common.csproj", "{89FAFAD8-B28F-4402-BD03-954EC06541AA}"
EndProject
Project("{2150E333-8FDC-42A3-9474-1A3956D46DE8}") = "Generic", "Generic", "{6322DF69-9CF7-4C6F-9D7A-4A93CD277234}"
EndProject
Project("{2150E333-8FDC-42A3-9474-1A3956D46DE8}") = "Web", "Web", "{772C6868-F057-4AFF-87F2-C0AE9CB754C3}"
EndProject
Project("{9A19103F-16F7-4668-BE54-9A1E7A4F7556}") = "Interneuron.Web.Exceptions", "BuildingBlocks\Infrastructure\Exceptions\Web\Interneuron.Web.Exceptions.csproj", "{5684624F-2672-4D8B-9479-4F9BEDFA0ED3}"
EndProject
Project("{9A19103F-16F7-4668-BE54-9A1E7A4F7556}") = "Interneuron.Generic.Exceptions", "BuildingBlocks\Infrastructure\Exceptions\Generic\Interneuron.Generic.Exceptions.csproj", "{DD4200B9-BAA0-44AE-BC1E-98CEAEA2C4B9}"
EndProject
Project("{2150E333-8FDC-42A3-9474-1A3956D46DE8}") = "CustomExceptions", "CustomExceptions", "{E50F57D5-71B4-4559-8920-74E5AAA73913}"
EndProject
Project("{9A19103F-16F7-4668-BE54-9A1E7A4F7556}") = "Interneuron.CustomExceptions", "BuildingBlocks\Infrastructure\Exceptions\CustomExceptions\Interneuron.CustomExceptions.csproj", "{91DEF550-5468-49C4-AF3C-10F2A043EE97}"
EndProject
Project("{9A19103F-16F7-4668-BE54-9A1E7A4F7556}") = "Interneuron.Caching", "BuildingBlocks\Infrastructure\Caching\Interneuron.Caching.csproj", "{5F809423-AC49-4E44-A6CE-8ED565B1CB88}"
EndProject
Project("{2150E333-8FDC-42A3-9474-1A3956D46DE8}") = "Caching", "Caching", "{8C7781C0-2BA2-11EA-982B-D3DE44999612}"
EndProject
Project("{2150E333-8FDC-42A3-9474-1A3956D46DE8}") = "CareRecord", "CareRecord", "{A498B36F-8FC9-437F-8E03-AD46E5D15D1F}"
EndProject
Project("{9A19103F-16F7-4668-BE54-9A1E7A4F7556}") = "Interneuron.CareRecord.Model", "CareRecord\Model\Interneuron.CareRecord.Model.csproj", "{A312A562-C448-40CD-B809-C13A95E74091}"
EndProject
Project("{9A19103F-16F7-4668-BE54-9A1E7A4F7556}") = "Interneuron.CareRecord.Repository", "CareRecord\Repository\Interneuron.CareRecord.Repository.csproj", "{41108525-737E-42F1-AFFB-C5BFB69E28E1}"
EndProject
Project("{9A19103F-16F7-4668-BE54-9A1E7A4F7556}") = "Interneuron.CareRecord.Infrastructure", "CareRecord\Infrastructure\Interneuron.CareRecord.Infrastructure.csproj", "{6C188DE4-EBCF-4868-A4E5-0B387CA7A049}"
EndProject
Project("{9A19103F-16F7-4668-BE54-9A1E7A4F7556}") = "Interneuron.CareRecord.API", "CareRecord\WebAPI\Interneuron.CareRecord.API.csproj", "{040E0333-DA25-4ED5-9A89-B9AD0F46F5A4}"
EndProject
Project("{9A19103F-16F7-4668-BE54-9A1E7A4F7556}") = "Interneuron.CareRecord.HL7SynapseHandler.Service", "CareRecord\HL7SynapseMapper\Interneuron.CareRecord.HL7SynapseHandler.Service.csproj", "{E7C84764-97C2-4B60-8F37-BF005A45A5D6}"
EndProject
Project("{9A19103F-16F7-4668-BE54-9A1E7A4F7556}") = "Interneuron.CareRecord.API.Gateway", "CareRecord\Gateway\Interneuron.CareRecord.API.Gateway.csproj", "{80E9D81F-F039-4FC3-8D09-AB5275285DCC}"
EndProject
Project("{2150E333-8FDC-42A3-9474-1A3956D46DE8}") = "Terminology", "Terminology", "{E08FC2C1-DA16-46B3-ACDA-C4C070BADFE6}"
EndProject
Project("{9A19103F-16F7-4668-BE54-9A1E7A4F7556}") = "Interneuron.Terminology.Infrastructure", "Terminology\Infrastructure\Interneuron.Terminology.Infrastructure.csproj", "{B7A20F2F-BB85-44A2-81F7-26575CDA3FF1}"
EndProject
Project("{9A19103F-16F7-4668-BE54-9A1E7A4F7556}") = "Interneuron.Terminology.API", "Terminology\API\Interneuron.Terminology.API.csproj", "{42BEDA40-2049-451C-9506-48779C3B6ADA}"
EndProject
Project("{9A19103F-16F7-4668-BE54-9A1E7A4F7556}") = "Interneuron.Terminology.Model", "Terminology\Model\Interneuron.Terminology.Model.csproj", "{91590646-45D3-4AFC-B8A9-E1F9AC446D3B}"
EndProject
Project("{9A19103F-16F7-4668-BE54-9A1E7A4F7556}") = "Interneuron.Terminology.Repository", "Terminology\Repository\Interneuron.Terminology.Repository.csproj", "{CA4F6545-C7E9-4E37-B00A-29476B403059}"
EndProject
Project("{9A19103F-16F7-4668-BE54-9A1E7A4F7556}") = "SynapseStudioWeb", "SynapseStudioWeb\SynapseStudioWeb.csproj", "{3053EEDE-BE8B-44A4-8BD3-1DD927012ACA}"
EndProject
Project("{2150E333-8FDC-42A3-9474-1A3956D46DE8}") = "FDB", "FDB", "{9951B8F4-F4B8-4C1D-94D0-E6653271B198}"
EndProject
Project("{9A19103F-16F7-4668-BE54-9A1E7A4F7556}") = "Interneuron.FDBAPI.Client", "Terminology\FDB\Client\Interneuron.FDBAPI.Client.csproj", "{B7538ED0-29FD-446E-BAC9-149B8037694E}"
EndProject
Project("{FAE04EC0-301F-11D3-BF4B-00C04F79EFBC}") = "InterneuronFDBAPI", "Terminology\FDB\API\InterneuronFDBAPI.csproj", "{3C7CFF10-F242-49F3-9367-0244C8E2BC38}"
EndProject
Project("{9A19103F-16F7-4668-BE54-9A1E7A4F7556}") = "Interneuron.Terminology.API.Gateway", "Terminology\Gateway\Interneuron.Terminology.API.Gateway.csproj", "{1B721717-4774-4C21-B40D-BC3C9EBF4448}"
EndProject
Project("{9A19103F-16F7-4668-BE54-9A1E7A4F7556}") = "FDBConsoleApp", "Terminology\FDB\FDBConsoleApp\FDBConsoleApp.csproj", "{DA6E860D-EF13-4F78-89E6-61D1CE86E754}"
EndProject
Project("{FAE04EC0-301F-11D3-BF4B-00C04F79EFBC}") = "SynapsePlatformServices", "SynapsePlatformServices\SynapsePlatformServices.csproj", "{33134578-8CF1-4D59-A1B8-ABDAD35D0D76}"
EndProject
Global
	GlobalSection(SolutionConfigurationPlatforms) = preSolution
		Debug|Any CPU = Debug|Any CPU
		Release|Any CPU = Release|Any CPU
	EndGlobalSection
	GlobalSection(ProjectConfigurationPlatforms) = postSolution
		{C9778CC3-CBF5-4E76-8366-4161765FF9C0}.Debug|Any CPU.ActiveCfg = Debug|Any CPU
		{C9778CC3-CBF5-4E76-8366-4161765FF9C0}.Debug|Any CPU.Build.0 = Debug|Any CPU
		{C9778CC3-CBF5-4E76-8366-4161765FF9C0}.Release|Any CPU.ActiveCfg = Release|Any CPU
		{C9778CC3-CBF5-4E76-8366-4161765FF9C0}.Release|Any CPU.Build.0 = Release|Any CPU
		{311A9656-172C-42E1-B1AB-A5D6C0F40035}.Debug|Any CPU.ActiveCfg = Debug|Any CPU
		{311A9656-172C-42E1-B1AB-A5D6C0F40035}.Debug|Any CPU.Build.0 = Debug|Any CPU
		{311A9656-172C-42E1-B1AB-A5D6C0F40035}.Release|Any CPU.ActiveCfg = Release|Any CPU
		{311A9656-172C-42E1-B1AB-A5D6C0F40035}.Release|Any CPU.Build.0 = Release|Any CPU
		{2022A1A5-975F-4634-93A5-297AE31EE14D}.Debug|Any CPU.ActiveCfg = Debug|Any CPU
		{2022A1A5-975F-4634-93A5-297AE31EE14D}.Debug|Any CPU.Build.0 = Debug|Any CPU
		{2022A1A5-975F-4634-93A5-297AE31EE14D}.Release|Any CPU.ActiveCfg = Release|Any CPU
		{2022A1A5-975F-4634-93A5-297AE31EE14D}.Release|Any CPU.Build.0 = Release|Any CPU
		{A3B930A2-8EDE-48F8-8ED0-093BB027CB66}.Debug|Any CPU.ActiveCfg = Debug|Any CPU
		{A3B930A2-8EDE-48F8-8ED0-093BB027CB66}.Debug|Any CPU.Build.0 = Debug|Any CPU
		{A3B930A2-8EDE-48F8-8ED0-093BB027CB66}.Release|Any CPU.ActiveCfg = Release|Any CPU
		{A3B930A2-8EDE-48F8-8ED0-093BB027CB66}.Release|Any CPU.Build.0 = Release|Any CPU
		{7F192EC5-F7FF-4CA6-A8FB-DCE391393225}.Debug|Any CPU.ActiveCfg = Debug|Any CPU
		{7F192EC5-F7FF-4CA6-A8FB-DCE391393225}.Debug|Any CPU.Build.0 = Debug|Any CPU
		{7F192EC5-F7FF-4CA6-A8FB-DCE391393225}.Release|Any CPU.ActiveCfg = Release|Any CPU
		{7F192EC5-F7FF-4CA6-A8FB-DCE391393225}.Release|Any CPU.Build.0 = Release|Any CPU
		{E2E34C7B-ED47-46EF-A36C-DA8096F0A234}.Debug|Any CPU.ActiveCfg = Debug|Any CPU
		{E2E34C7B-ED47-46EF-A36C-DA8096F0A234}.Debug|Any CPU.Build.0 = Debug|Any CPU
		{E2E34C7B-ED47-46EF-A36C-DA8096F0A234}.Release|Any CPU.ActiveCfg = Release|Any CPU
		{E2E34C7B-ED47-46EF-A36C-DA8096F0A234}.Release|Any CPU.Build.0 = Release|Any CPU
		{BD849642-871B-4BC6-9209-576BFFD0AE99}.Debug|Any CPU.ActiveCfg = Debug|Any CPU
		{BD849642-871B-4BC6-9209-576BFFD0AE99}.Debug|Any CPU.Build.0 = Debug|Any CPU
		{BD849642-871B-4BC6-9209-576BFFD0AE99}.Release|Any CPU.ActiveCfg = Release|Any CPU
		{BD849642-871B-4BC6-9209-576BFFD0AE99}.Release|Any CPU.Build.0 = Release|Any CPU
		{89FAFAD8-B28F-4402-BD03-954EC06541AA}.Debug|Any CPU.ActiveCfg = Debug|Any CPU
		{89FAFAD8-B28F-4402-BD03-954EC06541AA}.Debug|Any CPU.Build.0 = Debug|Any CPU
		{89FAFAD8-B28F-4402-BD03-954EC06541AA}.Release|Any CPU.ActiveCfg = Release|Any CPU
		{89FAFAD8-B28F-4402-BD03-954EC06541AA}.Release|Any CPU.Build.0 = Release|Any CPU
		{5684624F-2672-4D8B-9479-4F9BEDFA0ED3}.Debug|Any CPU.ActiveCfg = Debug|Any CPU
		{5684624F-2672-4D8B-9479-4F9BEDFA0ED3}.Debug|Any CPU.Build.0 = Debug|Any CPU
		{5684624F-2672-4D8B-9479-4F9BEDFA0ED3}.Release|Any CPU.ActiveCfg = Release|Any CPU
		{5684624F-2672-4D8B-9479-4F9BEDFA0ED3}.Release|Any CPU.Build.0 = Release|Any CPU
		{DD4200B9-BAA0-44AE-BC1E-98CEAEA2C4B9}.Debug|Any CPU.ActiveCfg = Debug|Any CPU
		{DD4200B9-BAA0-44AE-BC1E-98CEAEA2C4B9}.Debug|Any CPU.Build.0 = Debug|Any CPU
		{DD4200B9-BAA0-44AE-BC1E-98CEAEA2C4B9}.Release|Any CPU.ActiveCfg = Release|Any CPU
		{DD4200B9-BAA0-44AE-BC1E-98CEAEA2C4B9}.Release|Any CPU.Build.0 = Release|Any CPU
		{91DEF550-5468-49C4-AF3C-10F2A043EE97}.Debug|Any CPU.ActiveCfg = Debug|Any CPU
		{91DEF550-5468-49C4-AF3C-10F2A043EE97}.Debug|Any CPU.Build.0 = Debug|Any CPU
		{91DEF550-5468-49C4-AF3C-10F2A043EE97}.Release|Any CPU.ActiveCfg = Release|Any CPU
		{91DEF550-5468-49C4-AF3C-10F2A043EE97}.Release|Any CPU.Build.0 = Release|Any CPU
		{5F809423-AC49-4E44-A6CE-8ED565B1CB88}.Debug|Any CPU.ActiveCfg = Debug|Any CPU
		{5F809423-AC49-4E44-A6CE-8ED565B1CB88}.Debug|Any CPU.Build.0 = Debug|Any CPU
		{5F809423-AC49-4E44-A6CE-8ED565B1CB88}.Release|Any CPU.ActiveCfg = Release|Any CPU
		{5F809423-AC49-4E44-A6CE-8ED565B1CB88}.Release|Any CPU.Build.0 = Release|Any CPU
		{A312A562-C448-40CD-B809-C13A95E74091}.Debug|Any CPU.ActiveCfg = Debug|Any CPU
		{A312A562-C448-40CD-B809-C13A95E74091}.Debug|Any CPU.Build.0 = Debug|Any CPU
		{A312A562-C448-40CD-B809-C13A95E74091}.Release|Any CPU.ActiveCfg = Release|Any CPU
		{A312A562-C448-40CD-B809-C13A95E74091}.Release|Any CPU.Build.0 = Release|Any CPU
		{41108525-737E-42F1-AFFB-C5BFB69E28E1}.Debug|Any CPU.ActiveCfg = Debug|Any CPU
		{41108525-737E-42F1-AFFB-C5BFB69E28E1}.Debug|Any CPU.Build.0 = Debug|Any CPU
		{41108525-737E-42F1-AFFB-C5BFB69E28E1}.Release|Any CPU.ActiveCfg = Release|Any CPU
		{41108525-737E-42F1-AFFB-C5BFB69E28E1}.Release|Any CPU.Build.0 = Release|Any CPU
		{6C188DE4-EBCF-4868-A4E5-0B387CA7A049}.Debug|Any CPU.ActiveCfg = Debug|Any CPU
		{6C188DE4-EBCF-4868-A4E5-0B387CA7A049}.Debug|Any CPU.Build.0 = Debug|Any CPU
		{6C188DE4-EBCF-4868-A4E5-0B387CA7A049}.Release|Any CPU.ActiveCfg = Release|Any CPU
		{6C188DE4-EBCF-4868-A4E5-0B387CA7A049}.Release|Any CPU.Build.0 = Release|Any CPU
		{040E0333-DA25-4ED5-9A89-B9AD0F46F5A4}.Debug|Any CPU.ActiveCfg = Debug|Any CPU
		{040E0333-DA25-4ED5-9A89-B9AD0F46F5A4}.Debug|Any CPU.Build.0 = Debug|Any CPU
		{040E0333-DA25-4ED5-9A89-B9AD0F46F5A4}.Release|Any CPU.ActiveCfg = Release|Any CPU
		{040E0333-DA25-4ED5-9A89-B9AD0F46F5A4}.Release|Any CPU.Build.0 = Release|Any CPU
		{E7C84764-97C2-4B60-8F37-BF005A45A5D6}.Debug|Any CPU.ActiveCfg = Debug|Any CPU
		{E7C84764-97C2-4B60-8F37-BF005A45A5D6}.Debug|Any CPU.Build.0 = Debug|Any CPU
		{E7C84764-97C2-4B60-8F37-BF005A45A5D6}.Release|Any CPU.ActiveCfg = Release|Any CPU
		{E7C84764-97C2-4B60-8F37-BF005A45A5D6}.Release|Any CPU.Build.0 = Release|Any CPU
		{80E9D81F-F039-4FC3-8D09-AB5275285DCC}.Debug|Any CPU.ActiveCfg = Debug|Any CPU
		{80E9D81F-F039-4FC3-8D09-AB5275285DCC}.Debug|Any CPU.Build.0 = Debug|Any CPU
		{80E9D81F-F039-4FC3-8D09-AB5275285DCC}.Release|Any CPU.ActiveCfg = Release|Any CPU
		{80E9D81F-F039-4FC3-8D09-AB5275285DCC}.Release|Any CPU.Build.0 = Release|Any CPU
		{B7A20F2F-BB85-44A2-81F7-26575CDA3FF1}.Debug|Any CPU.ActiveCfg = Debug|Any CPU
		{B7A20F2F-BB85-44A2-81F7-26575CDA3FF1}.Debug|Any CPU.Build.0 = Debug|Any CPU
		{B7A20F2F-BB85-44A2-81F7-26575CDA3FF1}.Release|Any CPU.ActiveCfg = Release|Any CPU
		{B7A20F2F-BB85-44A2-81F7-26575CDA3FF1}.Release|Any CPU.Build.0 = Release|Any CPU
		{42BEDA40-2049-451C-9506-48779C3B6ADA}.Debug|Any CPU.ActiveCfg = Debug|Any CPU
		{42BEDA40-2049-451C-9506-48779C3B6ADA}.Debug|Any CPU.Build.0 = Debug|Any CPU
		{42BEDA40-2049-451C-9506-48779C3B6ADA}.Release|Any CPU.ActiveCfg = Release|Any CPU
		{42BEDA40-2049-451C-9506-48779C3B6ADA}.Release|Any CPU.Build.0 = Release|Any CPU
		{91590646-45D3-4AFC-B8A9-E1F9AC446D3B}.Debug|Any CPU.ActiveCfg = Debug|Any CPU
		{91590646-45D3-4AFC-B8A9-E1F9AC446D3B}.Debug|Any CPU.Build.0 = Debug|Any CPU
		{91590646-45D3-4AFC-B8A9-E1F9AC446D3B}.Release|Any CPU.ActiveCfg = Release|Any CPU
		{91590646-45D3-4AFC-B8A9-E1F9AC446D3B}.Release|Any CPU.Build.0 = Release|Any CPU
		{CA4F6545-C7E9-4E37-B00A-29476B403059}.Debug|Any CPU.ActiveCfg = Debug|Any CPU
		{CA4F6545-C7E9-4E37-B00A-29476B403059}.Debug|Any CPU.Build.0 = Debug|Any CPU
		{CA4F6545-C7E9-4E37-B00A-29476B403059}.Release|Any CPU.ActiveCfg = Release|Any CPU
		{CA4F6545-C7E9-4E37-B00A-29476B403059}.Release|Any CPU.Build.0 = Release|Any CPU
		{3053EEDE-BE8B-44A4-8BD3-1DD927012ACA}.Debug|Any CPU.ActiveCfg = Debug|Any CPU
		{3053EEDE-BE8B-44A4-8BD3-1DD927012ACA}.Debug|Any CPU.Build.0 = Debug|Any CPU
		{3053EEDE-BE8B-44A4-8BD3-1DD927012ACA}.Release|Any CPU.ActiveCfg = Release|Any CPU
		{3053EEDE-BE8B-44A4-8BD3-1DD927012ACA}.Release|Any CPU.Build.0 = Release|Any CPU
		{B7538ED0-29FD-446E-BAC9-149B8037694E}.Debug|Any CPU.ActiveCfg = Debug|Any CPU
		{B7538ED0-29FD-446E-BAC9-149B8037694E}.Debug|Any CPU.Build.0 = Debug|Any CPU
		{B7538ED0-29FD-446E-BAC9-149B8037694E}.Release|Any CPU.ActiveCfg = Release|Any CPU
		{B7538ED0-29FD-446E-BAC9-149B8037694E}.Release|Any CPU.Build.0 = Release|Any CPU
		{3C7CFF10-F242-49F3-9367-0244C8E2BC38}.Debug|Any CPU.ActiveCfg = Debug|Any CPU
		{3C7CFF10-F242-49F3-9367-0244C8E2BC38}.Debug|Any CPU.Build.0 = Debug|Any CPU
		{3C7CFF10-F242-49F3-9367-0244C8E2BC38}.Release|Any CPU.ActiveCfg = Release|Any CPU
		{3C7CFF10-F242-49F3-9367-0244C8E2BC38}.Release|Any CPU.Build.0 = Release|Any CPU
		{1B721717-4774-4C21-B40D-BC3C9EBF4448}.Debug|Any CPU.ActiveCfg = Debug|Any CPU
		{1B721717-4774-4C21-B40D-BC3C9EBF4448}.Debug|Any CPU.Build.0 = Debug|Any CPU
		{1B721717-4774-4C21-B40D-BC3C9EBF4448}.Release|Any CPU.ActiveCfg = Release|Any CPU
		{1B721717-4774-4C21-B40D-BC3C9EBF4448}.Release|Any CPU.Build.0 = Release|Any CPU
		{DA6E860D-EF13-4F78-89E6-61D1CE86E754}.Debug|Any CPU.ActiveCfg = Debug|Any CPU
		{DA6E860D-EF13-4F78-89E6-61D1CE86E754}.Debug|Any CPU.Build.0 = Debug|Any CPU
		{DA6E860D-EF13-4F78-89E6-61D1CE86E754}.Release|Any CPU.ActiveCfg = Release|Any CPU
		{DA6E860D-EF13-4F78-89E6-61D1CE86E754}.Release|Any CPU.Build.0 = Release|Any CPU
		{33134578-8CF1-4D59-A1B8-ABDAD35D0D76}.Debug|Any CPU.ActiveCfg = Debug|Any CPU
		{33134578-8CF1-4D59-A1B8-ABDAD35D0D76}.Debug|Any CPU.Build.0 = Debug|Any CPU
		{33134578-8CF1-4D59-A1B8-ABDAD35D0D76}.Release|Any CPU.ActiveCfg = Release|Any CPU
		{33134578-8CF1-4D59-A1B8-ABDAD35D0D76}.Release|Any CPU.Build.0 = Release|Any CPU
	EndGlobalSection
	GlobalSection(SolutionProperties) = preSolution
		HideSolutionNode = FALSE
	EndGlobalSection
	GlobalSection(NestedProjects) = preSolution
		{067B1210-27EE-11EA-A3A1-992B1741A287} = {4A421A80-27ED-11EA-A3A1-992B1741A287}
		{D9A818F2-8292-4BF2-9A3E-C5149C524038} = {4A421A80-27ED-11EA-A3A1-992B1741A287}
		{DD981813-7747-45AF-962A-B2026AFD6B95} = {067B1210-27EE-11EA-A3A1-992B1741A287}
		{89FAFAD8-B28F-4402-BD03-954EC06541AA} = {D9A818F2-8292-4BF2-9A3E-C5149C524038}
		{6322DF69-9CF7-4C6F-9D7A-4A93CD277234} = {DD981813-7747-45AF-962A-B2026AFD6B95}
		{772C6868-F057-4AFF-87F2-C0AE9CB754C3} = {DD981813-7747-45AF-962A-B2026AFD6B95}
		{5684624F-2672-4D8B-9479-4F9BEDFA0ED3} = {772C6868-F057-4AFF-87F2-C0AE9CB754C3}
		{DD4200B9-BAA0-44AE-BC1E-98CEAEA2C4B9} = {6322DF69-9CF7-4C6F-9D7A-4A93CD277234}
		{E50F57D5-71B4-4559-8920-74E5AAA73913} = {DD981813-7747-45AF-962A-B2026AFD6B95}
		{91DEF550-5468-49C4-AF3C-10F2A043EE97} = {E50F57D5-71B4-4559-8920-74E5AAA73913}
		{5F809423-AC49-4E44-A6CE-8ED565B1CB88} = {8C7781C0-2BA2-11EA-982B-D3DE44999612}
		{8C7781C0-2BA2-11EA-982B-D3DE44999612} = {067B1210-27EE-11EA-A3A1-992B1741A287}
		{A312A562-C448-40CD-B809-C13A95E74091} = {A498B36F-8FC9-437F-8E03-AD46E5D15D1F}
		{41108525-737E-42F1-AFFB-C5BFB69E28E1} = {A498B36F-8FC9-437F-8E03-AD46E5D15D1F}
		{6C188DE4-EBCF-4868-A4E5-0B387CA7A049} = {A498B36F-8FC9-437F-8E03-AD46E5D15D1F}
		{040E0333-DA25-4ED5-9A89-B9AD0F46F5A4} = {A498B36F-8FC9-437F-8E03-AD46E5D15D1F}
		{E7C84764-97C2-4B60-8F37-BF005A45A5D6} = {A498B36F-8FC9-437F-8E03-AD46E5D15D1F}
		{80E9D81F-F039-4FC3-8D09-AB5275285DCC} = {A498B36F-8FC9-437F-8E03-AD46E5D15D1F}
		{B7A20F2F-BB85-44A2-81F7-26575CDA3FF1} = {E08FC2C1-DA16-46B3-ACDA-C4C070BADFE6}
		{42BEDA40-2049-451C-9506-48779C3B6ADA} = {E08FC2C1-DA16-46B3-ACDA-C4C070BADFE6}
		{91590646-45D3-4AFC-B8A9-E1F9AC446D3B} = {E08FC2C1-DA16-46B3-ACDA-C4C070BADFE6}
		{CA4F6545-C7E9-4E37-B00A-29476B403059} = {E08FC2C1-DA16-46B3-ACDA-C4C070BADFE6}
		{9951B8F4-F4B8-4C1D-94D0-E6653271B198} = {E08FC2C1-DA16-46B3-ACDA-C4C070BADFE6}
		{B7538ED0-29FD-446E-BAC9-149B8037694E} = {9951B8F4-F4B8-4C1D-94D0-E6653271B198}
		{3C7CFF10-F242-49F3-9367-0244C8E2BC38} = {9951B8F4-F4B8-4C1D-94D0-E6653271B198}
		{1B721717-4774-4C21-B40D-BC3C9EBF4448} = {E08FC2C1-DA16-46B3-ACDA-C4C070BADFE6}
		{DA6E860D-EF13-4F78-89E6-61D1CE86E754} = {9951B8F4-F4B8-4C1D-94D0-E6653271B198}
	EndGlobalSection
	GlobalSection(ExtensibilityGlobals) = postSolution
		SolutionGuid = {B594CD36-F71C-443C-B7F1-BB1ADB3D69BA}
	EndGlobalSection
EndGlobal
