
Microsoft Visual Studio Solution File, Format Version 12.00
# Visual Studio Version 16
VisualStudioVersion = 16.0.30204.135
MinimumVisualStudioVersion = 10.0.40219.1
Project("{FAE04EC0-301F-11D3-BF4B-00C04F79EFBC}") = "SynapseStudio", "SynapseStudio\SynapseStudio.csproj", "{2022A1A5-975F-4634-93A5-297AE31EE14D}"
EndProject
Project("{9A19103F-16F7-4668-BE54-9A1E7A4F7556}") = "SynapseStudioWeb", "..\SynapseStudioWeb\SynapseStudioWeb.csproj", "{69ED735D-ACFD-4516-9055-FA80C1EB0AFD}"
EndProject
Global
	GlobalSection(SolutionConfigurationPlatforms) = preSolution
		Debug|Any CPU = Debug|Any CPU
		Release|Any CPU = Release|Any CPU
	EndGlobalSection
	GlobalSection(ProjectConfigurationPlatforms) = postSolution
		{2022A1A5-975F-4634-93A5-297AE31EE14D}.Debug|Any CPU.ActiveCfg = Debug|Any CPU
		{2022A1A5-975F-4634-93A5-297AE31EE14D}.Debug|Any CPU.Build.0 = Debug|Any CPU
		{2022A1A5-975F-4634-93A5-297AE31EE14D}.Release|Any CPU.ActiveCfg = Release|Any CPU
		{2022A1A5-975F-4634-93A5-297AE31EE14D}.Release|Any CPU.Build.0 = Release|Any CPU
		{69ED735D-ACFD-4516-9055-FA80C1EB0AFD}.Debug|Any CPU.ActiveCfg = Debug|Any CPU
		{69ED735D-ACFD-4516-9055-FA80C1EB0AFD}.Debug|Any CPU.Build.0 = Debug|Any CPU
		{69ED735D-ACFD-4516-9055-FA80C1EB0AFD}.Release|Any CPU.ActiveCfg = Release|Any CPU
		{69ED735D-ACFD-4516-9055-FA80C1EB0AFD}.Release|Any CPU.Build.0 = Release|Any CPU
	EndGlobalSection
	GlobalSection(SolutionProperties) = preSolution
		HideSolutionNode = FALSE
	EndGlobalSection
	GlobalSection(ExtensibilityGlobals) = postSolution
		SolutionGuid = {DC1C0768-7AE0-44E8-91E3-0A49755D2900}
	EndGlobalSection
EndGlobal
