
Microsoft Visual Studio Solution File, Format Version 12.00
# Visual Studio 15
VisualStudioVersion = 15.0.27703.2047
MinimumVisualStudioVersion = 10.0.40219.1
Project("{FAE04EC0-301F-11D3-BF4B-00C04F79EFBC}") = "Synapse.STS", "Synapse.STS\Synapse.STS.csproj", "{97C8D2B0-C469-40B8-902B-3E7EFC4D1DE2}"
EndProject
Global
	GlobalSection(SolutionConfigurationPlatforms) = preSolution
		Debug|Any CPU = Debug|Any CPU
		Release|Any CPU = Release|Any CPU
	EndGlobalSection
	GlobalSection(ProjectConfigurationPlatforms) = postSolution
		{97C8D2B0-C469-40B8-902B-3E7EFC4D1DE2}.Debug|Any CPU.ActiveCfg = Debug|Any CPU
		{97C8D2B0-C469-40B8-902B-3E7EFC4D1DE2}.Debug|Any CPU.Build.0 = Debug|Any CPU
		{97C8D2B0-C469-40B8-902B-3E7EFC4D1DE2}.Release|Any CPU.ActiveCfg = Release|Any CPU
		{97C8D2B0-C469-40B8-902B-3E7EFC4D1DE2}.Release|Any CPU.Build.0 = Release|Any CPU
	EndGlobalSection
	GlobalSection(SolutionProperties) = preSolution
		HideSolutionNode = FALSE
	EndGlobalSection
	GlobalSection(ExtensibilityGlobals) = postSolution
		SolutionGuid = {1936545A-077F-4F31-A706-57762DD62270}
	EndGlobalSection
EndGlobal
